{
  "name": "fancyPet",
  "lockfileVersion": 3,
  "requires": true,
  "packages": {
    "": {
      "dependencies": {
        "@miniprogram-component-plus/video-swiper": "^1.0.1",
        "area-data": "^5.0.6"
      },
      "devDependencies": {
        "@vant/area-data": "^1.5.1"
      }
    },
    "node_modules/@miniprogram-component-plus/video-swiper": {
      "version": "1.0.1",
      "resolved": "https://registry.npmjs.org/@miniprogram-component-plus/video-swiper/-/video-swiper-1.0.1.tgz",
      "integrity": "sha512-1rlmsS3/TR0Zu0nZHwEwb9UCQWY/ofPv73zU56FLfZh72Xw+BcIzfohrDxrGs5QpoL4KCLl9G7UB5w+3ZRSZzQ=="
    },
    "node_modules/@vant/area-data": {
      "version": "1.5.1",
      "resolved": "https://registry.npmjs.org/@vant/area-data/-/area-data-1.5.1.tgz",
      "integrity": "sha512-gR5TPEzTbxN1cTK1aDhCoyikSCLX7DAacxyXoKyI4SAsYYTZrDl/nLgQFIm9vLsvWzlPIda8xV8/U3x7M9k6ww==",
      "dev": true
    },
    "node_modules/area-data": {
      "version": "5.0.6",
      "resolved": "https://registry.npmjs.org/area-data/-/area-data-5.0.6.tgz",
      "integrity": "sha512-QxLoA+823xXKyhw5S3750I9TToki0OS42HU9ol3rCOsCXfkjtl8RtQ/eoj0cK0Levn4//oEM05FmMumfw/HIlg=="
    }
  }
}
