{
  "name": "lin_ui",
  "version": "1.0.0",
  "lockfileVersion": 2,
  "requires": true,
  "packages": {
    "": {
      "name": "lin_ui",
      "version": "1.0.0",
      "license": "ISC",
      "dependencies": {
        "@vant/weapp": "^1.11.1",
        "area-data": "^5.0.6",
        "lin-ui": "^0.9.13"
      },
      "devDependencies": {
        "@vant/area-data": "^1.5.1"
      }
    },
    "node_modules/@vant/area-data": {
      "version": "1.5.1",
      "resolved": "https://registry.npmjs.org/@vant/area-data/-/area-data-1.5.1.tgz",
      "integrity": "sha512-gR5TPEzTbxN1cTK1aDhCoyikSCLX7DAacxyXoKyI4SAsYYTZrDl/nLgQFIm9vLsvWzlPIda8xV8/U3x7M9k6ww==",
      "dev": true
    },
    "node_modules/@vant/weapp": {
      "version": "1.11.1",
      "resolved": "https://registry.npmjs.org/@vant/weapp/-/weapp-1.11.1.tgz",
      "integrity": "sha512-2QddSq3MsozbTBAgEmW1rhzsEJNWPF2VS427M5pOOn0a7/f6lW+tymwdTcOQCzQONavhFwBv6Lebbs/UjE3Yig=="
    },
    "node_modules/area-data": {
      "version": "5.0.6",
      "resolved": "https://registry.npmjs.org/area-data/-/area-data-5.0.6.tgz",
      "integrity": "sha512-QxLoA+823xXKyhw5S3750I9TToki0OS42HU9ol3rCOsCXfkjtl8RtQ/eoj0cK0Levn4//oEM05FmMumfw/HIlg=="
    },
    "node_modules/lin-ui": {
      "version": "0.9.13",
      "resolved": "https://registry.npmjs.org/lin-ui/-/lin-ui-0.9.13.tgz",
      "integrity": "sha512-RFRq1D+jCkhFzVCe/Y4C/NnWEK21ZiY961/HJR3mHmHmdq5IkrNBt/39WsUuWcDPty48WaY/3IipOPBBD+7ttw=="
    }
  },
  "dependencies": {
    "@vant/area-data": {
      "version": "1.5.1",
      "resolved": "https://registry.npmjs.org/@vant/area-data/-/area-data-1.5.1.tgz",
      "integrity": "sha512-gR5TPEzTbxN1cTK1aDhCoyikSCLX7DAacxyXoKyI4SAsYYTZrDl/nLgQFIm9vLsvWzlPIda8xV8/U3x7M9k6ww==",
      "dev": true
    },
    "@vant/weapp": {
      "version": "1.11.1",
      "resolved": "https://registry.npmjs.org/@vant/weapp/-/weapp-1.11.1.tgz",
      "integrity": "sha512-2QddSq3MsozbTBAgEmW1rhzsEJNWPF2VS427M5pOOn0a7/f6lW+tymwdTcOQCzQONavhFwBv6Lebbs/UjE3Yig=="
    },
    "area-data": {
      "version": "5.0.6",
      "resolved": "https://registry.npmjs.org/area-data/-/area-data-5.0.6.tgz",
      "integrity": "sha512-QxLoA+823xXKyhw5S3750I9TToki0OS42HU9ol3rCOsCXfkjtl8RtQ/eoj0cK0Levn4//oEM05FmMumfw/HIlg=="
    },
    "lin-ui": {
      "version": "0.9.13",
      "resolved": "https://registry.npmjs.org/lin-ui/-/lin-ui-0.9.13.tgz",
      "integrity": "sha512-RFRq1D+jCkhFzVCe/Y4C/NnWEK21ZiY961/HJR3mHmHmdq5IkrNBt/39WsUuWcDPty48WaY/3IipOPBBD+7ttw=="
    }
  }
}
